{
  "name": "js-peer",
  "lockfileVersion": 3,
  "requires": true,
  "packages": {
    "": {
      "name": "js-peer",
      "dependencies": {
        "@fomoxa/net": "^0.1.0"
      },
      "engines": {
        "node": ">=22"
      }
    },
    "node_modules/@fomoxa/net": {
      "version": "0.1.0",
      "resolved": "https://registry.npmjs.org/@fomoxa/net/-/net-0.1.0.tgz",
      "integrity": "sha512-ZxSm3JeeDQW/7RLM0dkcqC6xswmvIKljjXCin/e3sWErCvmtDqfUpXG8mnh2JB+cEiIBqI/vaLhCtfLOi9wYgA==",
      "license": "Apache-2.0",
      "engines": {
        "node": ">=22"
      }
    }
  }
}
